
Microsoft Visual Studio Solution File, Format Version 12.00
# Visual Studio Version 17
VisualStudioVersion = 17.0.31903.59
MinimumVisualStudioVersion = 10.0.40219.1
Project("{2150E333-8FDC-42A3-9474-1A3956D46DE8}") = "src", "src", "{2483103D-1EAD-4425-B15F-5FAC5D884ED4}"
EndProject
Project("{FAE04EC0-301F-11D3-BF4B-00C04F79EFBC}") = "CircularEnterpriseApis", "src\CircularEnterpriseApis\CircularEnterpriseApis.csproj", "{EBD61734-1F3C-4ED4-A3A0-0073E9FFE2E4}"
EndProject
Project("{FAE04EC0-301F-11D3-BF4B-00C04F79EFBC}") = "CircularEnterpriseApis.Examples", "examples\CircularEnterpriseApis.Examples.csproj", "{3E387735-D570-4D39-B799-6EEE0133754C}"
EndProject
Project("{2150E333-8FDC-42A3-9474-1A3956D46DE8}") = "tests", "tests", "{1672582B-5EC5-416A-8114-6F3991FFD394}"
EndProject
Project("{FAE04EC0-301F-11D3-BF4B-00C04F79EFBC}") = "CircularEnterpriseApis.UnitTests", "tests\CircularEnterpriseApis.UnitTests\CircularEnterpriseApis.UnitTests.csproj", "{96D4F89C-7A55-4BE0-A59D-D1EC68000DA7}"
EndProject
Project("{FAE04EC0-301F-11D3-BF4B-00C04F79EFBC}") = "CircularEnterpriseApis.IntegrationTests", "tests\CircularEnterpriseApis.IntegrationTests\CircularEnterpriseApis.IntegrationTests.csproj", "{6CD161E5-9A4E-49D4-863C-6E7169607A1C}"
EndProject
Project("{FAE04EC0-301F-11D3-BF4B-00C04F79EFBC}") = "CircularEnterpriseApis.E2ETests", "tests\CircularEnterpriseApis.E2ETests\CircularEnterpriseApis.E2ETests.csproj", "{D8470DD6-AD61-416D-A418-C0D39FAF9697}"
EndProject
Global
	GlobalSection(SolutionConfigurationPlatforms) = preSolution
		Debug|Any CPU = Debug|Any CPU
		Release|Any CPU = Release|Any CPU
	EndGlobalSection
	GlobalSection(SolutionProperties) = preSolution
		HideSolutionNode = FALSE
	EndGlobalSection
	GlobalSection(ProjectConfigurationPlatforms) = postSolution
		{EBD61734-1F3C-4ED4-A3A0-0073E9FFE2E4}.Debug|Any CPU.ActiveCfg = Debug|Any CPU
		{EBD61734-1F3C-4ED4-A3A0-0073E9FFE2E4}.Debug|Any CPU.Build.0 = Debug|Any CPU
		{EBD61734-1F3C-4ED4-A3A0-0073E9FFE2E4}.Release|Any CPU.ActiveCfg = Release|Any CPU
		{EBD61734-1F3C-4ED4-A3A0-0073E9FFE2E4}.Release|Any CPU.Build.0 = Release|Any CPU
		{3E387735-D570-4D39-B799-6EEE0133754C}.Debug|Any CPU.ActiveCfg = Debug|Any CPU
		{3E387735-D570-4D39-B799-6EEE0133754C}.Debug|Any CPU.Build.0 = Debug|Any CPU
		{3E387735-D570-4D39-B799-6EEE0133754C}.Release|Any CPU.ActiveCfg = Release|Any CPU
		{3E387735-D570-4D39-B799-6EEE0133754C}.Release|Any CPU.Build.0 = Release|Any CPU
		{96D4F89C-7A55-4BE0-A59D-D1EC68000DA7}.Debug|Any CPU.ActiveCfg = Debug|Any CPU
		{96D4F89C-7A55-4BE0-A59D-D1EC68000DA7}.Debug|Any CPU.Build.0 = Debug|Any CPU
		{96D4F89C-7A55-4BE0-A59D-D1EC68000DA7}.Release|Any CPU.ActiveCfg = Release|Any CPU
		{96D4F89C-7A55-4BE0-A59D-D1EC68000DA7}.Release|Any CPU.Build.0 = Release|Any CPU
		{6CD161E5-9A4E-49D4-863C-6E7169607A1C}.Debug|Any CPU.ActiveCfg = Debug|Any CPU
		{6CD161E5-9A4E-49D4-863C-6E7169607A1C}.Debug|Any CPU.Build.0 = Debug|Any CPU
		{6CD161E5-9A4E-49D4-863C-6E7169607A1C}.Release|Any CPU.ActiveCfg = Release|Any CPU
		{6CD161E5-9A4E-49D4-863C-6E7169607A1C}.Release|Any CPU.Build.0 = Release|Any CPU
		{D8470DD6-AD61-416D-A418-C0D39FAF9697}.Debug|Any CPU.ActiveCfg = Debug|Any CPU
		{D8470DD6-AD61-416D-A418-C0D39FAF9697}.Debug|Any CPU.Build.0 = Debug|Any CPU
		{D8470DD6-AD61-416D-A418-C0D39FAF9697}.Release|Any CPU.ActiveCfg = Release|Any CPU
		{D8470DD6-AD61-416D-A418-C0D39FAF9697}.Release|Any CPU.Build.0 = Release|Any CPU
	EndGlobalSection
	GlobalSection(NestedProjects) = preSolution
		{EBD61734-1F3C-4ED4-A3A0-0073E9FFE2E4} = {2483103D-1EAD-4425-B15F-5FAC5D884ED4}
		{96D4F89C-7A55-4BE0-A59D-D1EC68000DA7} = {1672582B-5EC5-416A-8114-6F3991FFD394}
		{6CD161E5-9A4E-49D4-863C-6E7169607A1C} = {1672582B-5EC5-416A-8114-6F3991FFD394}
		{D8470DD6-AD61-416D-A418-C0D39FAF9697} = {1672582B-5EC5-416A-8114-6F3991FFD394}
	EndGlobalSection
EndGlobal
